
Microsoft Visual Studio Solution File, Format Version 12.00
Project("{FAE04EC0-301F-11D3-BF4B-00C04F79EFBC}") = "Core", "Core\Core.csproj", "{1D6F01AF-8109-4805-BAEB-85595EE78372}"
EndProject
Project("{FAE04EC0-301F-11D3-BF4B-00C04F79EFBC}") = "GUI", "GUI\GUI.csproj", "{A2D26317-C831-41BC-8CC3-A4EC39EEE0BC}"
EndProject
Project("{FAE04EC0-301F-11D3-BF4B-00C04F79EFBC}") = "Core.Data", "Core.Data\Core.Data.csproj", "{9223F384-FF61-4BA1-B16A-17866CFC347E}"
EndProject
Global
	GlobalSection(SolutionConfigurationPlatforms) = preSolution
		Debug|Any CPU = Debug|Any CPU
		Release|Any CPU = Release|Any CPU
	EndGlobalSection
	GlobalSection(NestedProjects) = preSolution
	EndGlobalSection
	GlobalSection(ProjectConfigurationPlatforms) = postSolution
		{1D6F01AF-8109-4805-BAEB-85595EE78372}.Debug|Any CPU.ActiveCfg = Debug|Any CPU
		{1D6F01AF-8109-4805-BAEB-85595EE78372}.Debug|Any CPU.Build.0 = Debug|Any CPU
		{1D6F01AF-8109-4805-BAEB-85595EE78372}.Release|Any CPU.ActiveCfg = Release|Any CPU
		{1D6F01AF-8109-4805-BAEB-85595EE78372}.Release|Any CPU.Build.0 = Release|Any CPU
		{A2D26317-C831-41BC-8CC3-A4EC39EEE0BC}.Debug|Any CPU.ActiveCfg = Debug|Any CPU
		{A2D26317-C831-41BC-8CC3-A4EC39EEE0BC}.Debug|Any CPU.Build.0 = Debug|Any CPU
		{A2D26317-C831-41BC-8CC3-A4EC39EEE0BC}.Release|Any CPU.ActiveCfg = Release|Any CPU
		{A2D26317-C831-41BC-8CC3-A4EC39EEE0BC}.Release|Any CPU.Build.0 = Release|Any CPU
		{9223F384-FF61-4BA1-B16A-17866CFC347E}.Debug|Any CPU.ActiveCfg = Debug|Any CPU
		{9223F384-FF61-4BA1-B16A-17866CFC347E}.Debug|Any CPU.Build.0 = Debug|Any CPU
		{9223F384-FF61-4BA1-B16A-17866CFC347E}.Release|Any CPU.ActiveCfg = Release|Any CPU
		{9223F384-FF61-4BA1-B16A-17866CFC347E}.Release|Any CPU.Build.0 = Release|Any CPU
	EndGlobalSection
EndGlobal
